
Microsoft Visual Studio Solution File, Format Version 11.00
# Visual Studio 2010
Project("{FAE04EC0-301F-11D3-BF4B-00C04F79EFBC}") = "MissingNugets", "MissingNugets\MissingNugets.csproj", "{8AEB3462-5358-46D5-B5EC-90E9FCE2D958}"
EndProject
Global
	GlobalSection(SolutionConfigurationPlatforms) = preSolution
		Debug|Any CPU = Debug|Any CPU
		Release|Any CPU = Release|Any CPU
	EndGlobalSection
	GlobalSection(ProjectConfigurationPlatforms) = postSolution
		{8AEB3462-5358-46D5-B5EC-90E9FCE2D958}.Debug|Any CPU.ActiveCfg = Debug|Any CPU
		{8AEB3462-5358-46D5-B5EC-90E9FCE2D958}.Debug|Any CPU.Build.0 = Debug|Any CPU
		{8AEB3462-5358-46D5-B5EC-90E9FCE2D958}.Release|Any CPU.ActiveCfg = Release|Any CPU
		{8AEB3462-5358-46D5-B5EC-90E9FCE2D958}.Release|Any CPU.Build.0 = Release|Any CPU
	EndGlobalSection
	GlobalSection(SolutionProperties) = preSolution
		HideSolutionNode = FALSE
	EndGlobalSection
EndGlobal
